
Microsoft Visual Studio Solution File, Format Version 12.00
# Visual Studio 14
VisualStudioVersion = 14.0.23107.0
MinimumVisualStudioVersion = 10.0.40219.1
Project("{FAE04EC0-301F-11D3-BF4B-00C04F79EFBC}") = "ODS", "ODS\ODS.csproj", "{05C623C6-2598-41AF-A323-0EBCA36113DA}"
EndProject
Project("{FAE04EC0-301F-11D3-BF4B-00C04F79EFBC}") = "UnitTestProject", "UnitTestProject\UnitTestProject.csproj", "{DDF6CF4A-D3A7-479E-8454-066F3390B54B}"
EndProject
Global
	GlobalSection(SolutionConfigurationPlatforms) = preSolution
		Debug|Any CPU = Debug|Any CPU
		Release|Any CPU = Release|Any CPU
	EndGlobalSection
	GlobalSection(ProjectConfigurationPlatforms) = postSolution
		{05C623C6-2598-41AF-A323-0EBCA36113DA}.Debug|Any CPU.ActiveCfg = Debug|Any CPU
		{05C623C6-2598-41AF-A323-0EBCA36113DA}.Debug|Any CPU.Build.0 = Debug|Any CPU
		{05C623C6-2598-41AF-A323-0EBCA36113DA}.Release|Any CPU.ActiveCfg = Release|Any CPU
		{05C623C6-2598-41AF-A323-0EBCA36113DA}.Release|Any CPU.Build.0 = Release|Any CPU
		{DDF6CF4A-D3A7-479E-8454-066F3390B54B}.Debug|Any CPU.ActiveCfg = Debug|Any CPU
		{DDF6CF4A-D3A7-479E-8454-066F3390B54B}.Debug|Any CPU.Build.0 = Debug|Any CPU
		{DDF6CF4A-D3A7-479E-8454-066F3390B54B}.Release|Any CPU.ActiveCfg = Release|Any CPU
		{DDF6CF4A-D3A7-479E-8454-066F3390B54B}.Release|Any CPU.Build.0 = Release|Any CPU
	EndGlobalSection
	GlobalSection(SolutionProperties) = preSolution
		HideSolutionNode = FALSE
	EndGlobalSection
EndGlobal
